// !$*UTF8*$!
{
	archiveVersion = 1;
	classes = {
	};
	objectVersion = 56;
	objects = {

/* Begin PBXBuildFile section */
		CD3819EE296CA0AD009DE79A /* AppDelegate.swift in Sources */ = {isa = PBXBuildFile; fileRef = CD3819ED296CA0AD009DE79A /* AppDelegate.swift */; };
		CD3819F0296CA0AD009DE79A /* SceneDelegate.swift in Sources */ = {isa = PBXBuildFile; fileRef = CD3819EF296CA0AD009DE79A /* SceneDelegate.swift */; };
		CD3819F5296CA0AD009DE79A /* Main.storyboard in Resources */ = {isa = PBXBuildFile; fileRef = CD3819F3296CA0AD009DE79A /* Main.storyboard */; };
		CD3819F8296CA0AD009DE79A /* MediaManager.xcdatamodeld in Sources */ = {isa = PBXBuildFile; fileRef = CD3819F6296CA0AD009DE79A /* MediaManager.xcdatamodeld */; };
		CD3819FA296CA0AE009DE79A /* Assets.xcassets in Resources */ = {isa = PBXBuildFile; fileRef = CD3819F9296CA0AE009DE79A /* Assets.xcassets */; };
		CD3819FD296CA0AE009DE79A /* LaunchScreen.storyboard in Resources */ = {isa = PBXBuildFile; fileRef = CD3819FB296CA0AE009DE79A /* LaunchScreen.storyboard */; };
		CD381A0B296CA3AC009DE79A /* CoreDataStack.swift in Sources */ = {isa = PBXBuildFile; fileRef = CD381A0A296CA3AC009DE79A /* CoreDataStack.swift */; };
		CD381A0D296CA9AA009DE79A /* MediaItem+Convenience.swift in Sources */ = {isa = PBXBuildFile; fileRef = CD381A0C296CA9AA009DE79A /* MediaItem+Convenience.swift */; };
		CD381A0F296CAB1F009DE79A /* MediaItemController.swift in Sources */ = {isa = PBXBuildFile; fileRef = CD381A0E296CAB1F009DE79A /* MediaItemController.swift */; };
		CD381A11296CAEC8009DE79A /* HomeTableViewController.swift in Sources */ = {isa = PBXBuildFile; fileRef = CD381A10296CAEC8009DE79A /* HomeTableViewController.swift */; };
		CD381A15296CC527009DE79A /* AddItemViewController.swift in Sources */ = {isa = PBXBuildFile; fileRef = CD381A14296CC527009DE79A /* AddItemViewController.swift */; };
		CD381A17296F23EA009DE79A /* MediaItemTableViewController.swift in Sources */ = {isa = PBXBuildFile; fileRef = CD381A16296F23EA009DE79A /* MediaItemTableViewController.swift */; };
		CD381A19296F25D9009DE79A /* MediaItemDetailViewController.swift in Sources */ = {isa = PBXBuildFile; fileRef = CD381A18296F25D9009DE79A /* MediaItemDetailViewController.swift */; };
		CD44DFBE296F660F00AC5CBF /* EditItemViewController.swift in Sources */ = {isa = PBXBuildFile; fileRef = CD44DFBD296F660F00AC5CBF /* EditItemViewController.swift */; };
		CD44DFC02970BA6F00AC5CBF /* DatePickerViewController.swift in Sources */ = {isa = PBXBuildFile; fileRef = CD44DFBF2970BA6F00AC5CBF /* DatePickerViewController.swift */; };
		CD44DFC42970D12300AC5CBF /* NotificationScheduler.swift in Sources */ = {isa = PBXBuildFile; fileRef = CD44DFC32970D12300AC5CBF /* NotificationScheduler.swift */; };
/* End PBXBuildFile section */

/* Begin PBXFileReference section */
		CD3819EA296CA0AD009DE79A /* MediaManager.app */ = {isa = PBXFileReference; explicitFileType = wrapper.application; includeInIndex = 0; path = MediaManager.app; sourceTree = BUILT_PRODUCTS_DIR; };
		CD3819ED296CA0AD009DE79A /* AppDelegate.swift */ = {isa = PBXFileReference; lastKnownFileType = sourcecode.swift; path = AppDelegate.swift; sourceTree = "<group>"; };
		CD3819EF296CA0AD009DE79A /* SceneDelegate.swift */ = {isa = PBXFileReference; lastKnownFileType = sourcecode.swift; path = SceneDelegate.swift; sourceTree = "<group>"; };
		CD3819F4296CA0AD009DE79A /* Base */ = {isa = PBXFileReference; lastKnownFileType = file.storyboard; name = Base; path = Base.lproj/Main.storyboard; sourceTree = "<group>"; };
		CD3819F7296CA0AD009DE79A /* MediaManager.xcdatamodel */ = {isa = PBXFileReference; lastKnownFileType = wrapper.xcdatamodel; path = MediaManager.xcdatamodel; sourceTree = "<group>"; };
		CD3819F9296CA0AE009DE79A /* Assets.xcassets */ = {isa = PBXFileReference; lastKnownFileType = folder.assetcatalog; path = Assets.xcassets; sourceTree = "<group>"; };
		CD3819FC296CA0AE009DE79A /* Base */ = {isa = PBXFileReference; lastKnownFileType = file.storyboard; name = Base; path = Base.lproj/LaunchScreen.storyboard; sourceTree = "<group>"; };
		CD3819FE296CA0AE009DE79A /* Info.plist */ = {isa = PBXFileReference; lastKnownFileType = text.plist.xml; path = Info.plist; sourceTree = "<group>"; };
		CD381A0A296CA3AC009DE79A /* CoreDataStack.swift */ = {isa = PBXFileReference; lastKnownFileType = sourcecode.swift; path = CoreDataStack.swift; sourceTree = "<group>"; };
		CD381A0C296CA9AA009DE79A /* MediaItem+Convenience.swift */ = {isa = PBXFileReference; lastKnownFileType = sourcecode.swift; path = "MediaItem+Convenience.swift"; sourceTree = "<group>"; };
		CD381A0E296CAB1F009DE79A /* MediaItemController.swift */ = {isa = PBXFileReference; lastKnownFileType = sourcecode.swift; path = MediaItemController.swift; sourceTree = "<group>"; };
		CD381A10296CAEC8009DE79A /* HomeTableViewController.swift */ = {isa = PBXFileReference; lastKnownFileType = sourcecode.swift; path = HomeTableViewController.swift; sourceTree = "<group>"; };
		CD381A14296CC527009DE79A /* AddItemViewController.swift */ = {isa = PBXFileReference; lastKnownFileType = sourcecode.swift; path = AddItemViewController.swift; sourceTree = "<group>"; };
		CD381A16296F23EA009DE79A /* MediaItemTableViewController.swift */ = {isa = PBXFileReference; lastKnownFileType = sourcecode.swift; path = MediaItemTableViewController.swift; sourceTree = "<group>"; };
		CD381A18296F25D9009DE79A /* MediaItemDetailViewController.swift */ = {isa = PBXFileReference; lastKnownFileType = sourcecode.swift; path = MediaItemDetailViewController.swift; sourceTree = "<group>"; };
		CD44DFBD296F660F00AC5CBF /* EditItemViewController.swift */ = {isa = PBXFileReference; lastKnownFileType = sourcecode.swift; path = EditItemViewController.swift; sourceTree = "<group>"; };
		CD44DFBF2970BA6F00AC5CBF /* DatePickerViewController.swift */ = {isa = PBXFileReference; lastKnownFileType = sourcecode.swift; path = DatePickerViewController.swift; sourceTree = "<group>"; };
		CD44DFC32970D12300AC5CBF /* NotificationScheduler.swift */ = {isa = PBXFileReference; lastKnownFileType = sourcecode.swift; path = NotificationScheduler.swift; sourceTree = "<group>"; };
/* End PBXFileReference section */

/* Begin PBXFrameworksBuildPhase section */
		CD3819E7296CA0AD009DE79A /* Frameworks */ = {
			isa = PBXFrameworksBuildPhase;
			buildActionMask = 2147483647;
			files = (
			);
			runOnlyForDeploymentPostprocessing = 0;
		};
/* End PBXFrameworksBuildPhase section */

/* Begin PBXGroup section */
		CD3819E1296CA0AD009DE79A = {
			isa = PBXGroup;
			children = (
				CD3819EC296CA0AD009DE79A /* MediaManager */,
				CD3819EB296CA0AD009DE79A /* Products */,
			);
			sourceTree = "<group>";
		};
		CD3819EB296CA0AD009DE79A /* Products */ = {
			isa = PBXGroup;
			children = (
				CD3819EA296CA0AD009DE79A /* MediaManager.app */,
			);
			name = Products;
			sourceTree = "<group>";
		};
		CD3819EC296CA0AD009DE79A /* MediaManager */ = {
			isa = PBXGroup;
			children = (
				CD381A04296CA279009DE79A /* Models */,
				CD381A05296CA292009DE79A /* Controllers */,
				CD381A07296CA2CD009DE79A /* Views */,
				CD381A06296CA2A6009DE79A /* Resources */,
			);
			path = MediaManager;
			sourceTree = "<group>";
		};
		CD381A04296CA279009DE79A /* Models */ = {
			isa = PBXGroup;
			children = (
				CD3819F6296CA0AD009DE79A /* MediaManager.xcdatamodeld */,
				CD381A0A296CA3AC009DE79A /* CoreDataStack.swift */,
				CD381A0C296CA9AA009DE79A /* MediaItem+Convenience.swift */,
			);
			path = Models;
			sourceTree = "<group>";
		};
		CD381A05296CA292009DE79A /* Controllers */ = {
			isa = PBXGroup;
			children = (
				CD381A08296CA30E009DE79A /* Model Controllers */,
				CD381A09296CA320009DE79A /* View Controllers */,
			);
			path = Controllers;
			sourceTree = "<group>";
		};
		CD381A06296CA2A6009DE79A /* Resources */ = {
			isa = PBXGroup;
			children = (
				CD3819ED296CA0AD009DE79A /* AppDelegate.swift */,
				CD3819EF296CA0AD009DE79A /* SceneDelegate.swift */,
				CD3819F9296CA0AE009DE79A /* Assets.xcassets */,
				CD3819FB296CA0AE009DE79A /* LaunchScreen.storyboard */,
				CD3819FE296CA0AE009DE79A /* Info.plist */,
				CD44DFC32970D12300AC5CBF /* NotificationScheduler.swift */,
			);
			path = Resources;
			sourceTree = "<group>";
		};
		CD381A07296CA2CD009DE79A /* Views */ = {
			isa = PBXGroup;
			children = (
				CD3819F3296CA0AD009DE79A /* Main.storyboard */,
			);
			path = Views;
			sourceTree = "<group>";
		};
		CD381A08296CA30E009DE79A /* Model Controllers */ = {
			isa = PBXGroup;
			children = (
				CD381A0E296CAB1F009DE79A /* MediaItemController.swift */,
			);
			path = "Model Controllers";
			sourceTree = "<group>";
		};
		CD381A09296CA320009DE79A /* View Controllers */ = {
			isa = PBXGroup;
			children = (
				CD381A10296CAEC8009DE79A /* HomeTableViewController.swift */,
				CD381A14296CC527009DE79A /* AddItemViewController.swift */,
				CD381A16296F23EA009DE79A /* MediaItemTableViewController.swift */,
				CD381A18296F25D9009DE79A /* MediaItemDetailViewController.swift */,
				CD44DFBD296F660F00AC5CBF /* EditItemViewController.swift */,
				CD44DFBF2970BA6F00AC5CBF /* DatePickerViewController.swift */,
			);
			path = "View Controllers";
			sourceTree = "<group>";
		};
/* End PBXGroup section */

/* Begin PBXNativeTarget section */
		CD3819E9296CA0AD009DE79A /* MediaManager */ = {
			isa = PBXNativeTarget;
			buildConfigurationList = CD381A01296CA0AE009DE79A /* Build configuration list for PBXNativeTarget "MediaManager" */;
			buildPhases = (
				CD3819E6296CA0AD009DE79A /* Sources */,
				CD3819E7296CA0AD009DE79A /* Frameworks */,
				CD3819E8296CA0AD009DE79A /* Resources */,
			);
			buildRules = (
			);
			dependencies = (
			);
			name = MediaManager;
			productName = MediaManager;
			productReference = CD3819EA296CA0AD009DE79A /* MediaManager.app */;
			productType = "com.apple.product-type.application";
		};
/* End PBXNativeTarget section */

/* Begin PBXProject section */
		CD3819E2296CA0AD009DE79A /* Project object */ = {
			isa = PBXProject;
			attributes = {
				BuildIndependentTargetsInParallel = 1;
				LastSwiftUpdateCheck = 1410;
				LastUpgradeCheck = 1410;
				TargetAttributes = {
					CD3819E9296CA0AD009DE79A = {
						CreatedOnToolsVersion = 14.1;
					};
				};
			};
			buildConfigurationList = CD3819E5296CA0AD009DE79A /* Build configuration list for PBXProject "MediaManager" */;
			compatibilityVersion = "Xcode 14.0";
			developmentRegion = en;
			hasScannedForEncodings = 0;
			knownRegions = (
				en,
				Base,
			);
			mainGroup = CD3819E1296CA0AD009DE79A;
			productRefGroup = CD3819EB296CA0AD009DE79A /* Products */;
			projectDirPath = "";
			projectRoot = "";
			targets = (
				CD3819E9296CA0AD009DE79A /* MediaManager */,
			);
		};
/* End PBXProject section */

/* Begin PBXResourcesBuildPhase section */
		CD3819E8296CA0AD009DE79A /* Resources */ = {
			isa = PBXResourcesBuildPhase;
			buildActionMask = 2147483647;
			files = (
				CD3819FD296CA0AE009DE79A /* LaunchScreen.storyboard in Resources */,
				CD3819FA296CA0AE009DE79A /* Assets.xcassets in Resources */,
				CD3819F5296CA0AD009DE79A /* Main.storyboard in Resources */,
			);
			runOnlyForDeploymentPostprocessing = 0;
		};
/* End PBXResourcesBuildPhase section */

/* Begin PBXSourcesBuildPhase section */
		CD3819E6296CA0AD009DE79A /* Sources */ = {
			isa = PBXSourcesBuildPhase;
			buildActionMask = 2147483647;
			files = (
				CD381A11296CAEC8009DE79A /* HomeTableViewController.swift in Sources */,
				CD381A19296F25D9009DE79A /* MediaItemDetailViewController.swift in Sources */,
				CD381A0B296CA3AC009DE79A /* CoreDataStack.swift in Sources */,
				CD3819F8296CA0AD009DE79A /* MediaManager.xcdatamodeld in Sources */,
				CD44DFBE296F660F00AC5CBF /* EditItemViewController.swift in Sources */,
				CD381A17296F23EA009DE79A /* MediaItemTableViewController.swift in Sources */,
				CD3819EE296CA0AD009DE79A /* AppDelegate.swift in Sources */,
				CD3819F0296CA0AD009DE79A /* SceneDelegate.swift in Sources */,
				CD44DFC02970BA6F00AC5CBF /* DatePickerViewController.swift in Sources */,
				CD381A15296CC527009DE79A /* AddItemViewController.swift in Sources */,
				CD381A0F296CAB1F009DE79A /* MediaItemController.swift in Sources */,
				CD381A0D296CA9AA009DE79A /* MediaItem+Convenience.swift in Sources */,
				CD44DFC42970D12300AC5CBF /* NotificationScheduler.swift in Sources */,
			);
			runOnlyForDeploymentPostprocessing = 0;
		};
/* End PBXSourcesBuildPhase section */

/* Begin PBXVariantGroup section */
		CD3819F3296CA0AD009DE79A /* Main.storyboard */ = {
			isa = PBXVariantGroup;
			children = (
				CD3819F4296CA0AD009DE79A /* Base */,
			);
			name = Main.storyboard;
			sourceTree = "<group>";
		};
		CD3819FB296CA0AE009DE79A /* LaunchScreen.storyboard */ = {
			isa = PBXVariantGroup;
			children = (
				CD3819FC296CA0AE009DE79A /* Base */,
			);
			name = LaunchScreen.storyboard;
			sourceTree = "<group>";
		};
/* End PBXVariantGroup section */

/* Begin XCBuildConfiguration section */
		CD3819FF296CA0AE009DE79A /* Debug */ = {
			isa = XCBuildConfiguration;
			buildSettings = {
				ALWAYS_SEARCH_USER_PATHS = NO;
				CLANG_ANALYZER_NONNULL = YES;
				CLANG_ANALYZER_NUMBER_OBJECT_CONVERSION = YES_AGGRESSIVE;
				CLANG_CXX_LANGUAGE_STANDARD = "gnu++20";
				CLANG_ENABLE_MODULES = YES;
				CLANG_ENABLE_OBJC_ARC = YES;
				CLANG_ENABLE_OBJC_WEAK = YES;
				CLANG_WARN_BLOCK_CAPTURE_AUTORELEASING = YES;
				CLANG_WARN_BOOL_CONVERSION = YES;
				CLANG_WARN_COMMA = YES;
				CLANG_WARN_CONSTANT_CONVERSION = YES;
				CLANG_WARN_DEPRECATED_OBJC_IMPLEMENTATIONS = YES;
				CLANG_WARN_DIRECT_OBJC_ISA_USAGE = YES_ERROR;
				CLANG_WARN_DOCUMENTATION_COMMENTS = YES;
				CLANG_WARN_EMPTY_BODY = YES;
				CLANG_WARN_ENUM_CONVERSION = YES;
				CLANG_WARN_INFINITE_RECURSION = YES;
				CLANG_WARN_INT_CONVERSION = YES;
				CLANG_WARN_NON_LITERAL_NULL_CONVERSION = YES;
				CLANG_WARN_OBJC_IMPLICIT_RETAIN_SELF = YES;
				CLANG_WARN_OBJC_LITERAL_CONVERSION = YES;
				CLANG_WARN_OBJC_ROOT_CLASS = YES_ERROR;
				CLANG_WARN_QUOTED_INCLUDE_IN_FRAMEWORK_HEADER = YES;
				CLANG_WARN_RANGE_LOOP_ANALYSIS = YES;
				CLANG_WARN_STRICT_PROTOTYPES = YES;
				CLANG_WARN_SUSPICIOUS_MOVE = YES;
				CLANG_WARN_UNGUARDED_AVAILABILITY = YES_AGGRESSIVE;
				CLANG_WARN_UNREACHABLE_CODE = YES;
				CLANG_WARN__DUPLICATE_METHOD_MATCH = YES;
				COPY_PHASE_STRIP = NO;
				DEBUG_INFORMATION_FORMAT = dwarf;
				ENABLE_STRICT_OBJC_MSGSEND = YES;
				ENABLE_TESTABILITY = YES;
				GCC_C_LANGUAGE_STANDARD = gnu11;
				GCC_DYNAMIC_NO_PIC = NO;
				GCC_NO_COMMON_BLOCKS = YES;
				GCC_OPTIMIZATION_LEVEL = 0;
				GCC_PREPROCESSOR_DEFINITIONS = (
					"DEBUG=1",
					"$(inherited)",
				);
				GCC_WARN_64_TO_32_BIT_CONVERSION = YES;
				GCC_WARN_ABOUT_RETURN_TYPE = YES_ERROR;
				GCC_WARN_UNDECLARED_SELECTOR = YES;
				GCC_WARN_UNINITIALIZED_AUTOS = YES_AGGRESSIVE;
				GCC_WARN_UNUSED_FUNCTION = YES;
				GCC_WARN_UNUSED_VARIABLE = YES;
				IPHONEOS_DEPLOYMENT_TARGET = 16.1;
				MTL_ENABLE_DEBUG_INFO = INCLUDE_SOURCE;
				MTL_FAST_MATH = YES;
				ONLY_ACTIVE_ARCH = YES;
				SDKROOT = iphoneos;
				SWIFT_ACTIVE_COMPILATION_CONDITIONS = DEBUG;
				SWIFT_OPTIMIZATION_LEVEL = "-Onone";
			};
			name = Debug;
		};
		CD381A00296CA0AE009DE79A /* Release */ = {
			isa = XCBuildConfiguration;
			buildSettings = {
				ALWAYS_SEARCH_USER_PATHS = NO;
				CLANG_ANALYZER_NONNULL = YES;
				CLANG_ANALYZER_NUMBER_OBJECT_CONVERSION = YES_AGGRESSIVE;
				CLANG_CXX_LANGUAGE_STANDARD = "gnu++20";
				CLANG_ENABLE_MODULES = YES;
				CLANG_ENABLE_OBJC_ARC = YES;
				CLANG_ENABLE_OBJC_WEAK = YES;
				CLANG_WARN_BLOCK_CAPTURE_AUTORELEASING = YES;
				CLANG_WARN_BOOL_CONVERSION = YES;
				CLANG_WARN_COMMA = YES;
				CLANG_WARN_CONSTANT_CONVERSION = YES;
				CLANG_WARN_DEPRECATED_OBJC_IMPLEMENTATIONS = YES;
				CLANG_WARN_DIRECT_OBJC_ISA_USAGE = YES_ERROR;
				CLANG_WARN_DOCUMENTATION_COMMENTS = YES;
				CLANG_WARN_EMPTY_BODY = YES;
				CLANG_WARN_ENUM_CONVERSION = YES;
				CLANG_WARN_INFINITE_RECURSION = YES;
				CLANG_WARN_INT_CONVERSION = YES;
				CLANG_WARN_NON_LITERAL_NULL_CONVERSION = YES;
				CLANG_WARN_OBJC_IMPLICIT_RETAIN_SELF = YES;
				CLANG_WARN_OBJC_LITERAL_CONVERSION = YES;
				CLANG_WARN_OBJC_ROOT_CLASS = YES_ERROR;
				CLANG_WARN_QUOTED_INCLUDE_IN_FRAMEWORK_HEADER = YES;
				CLANG_WARN_RANGE_LOOP_ANALYSIS = YES;
				CLANG_WARN_STRICT_PROTOTYPES = YES;
				CLANG_WARN_SUSPICIOUS_MOVE = YES;
				CLANG_WARN_UNGUARDED_AVAILABILITY = YES_AGGRESSIVE;
				CLANG_WARN_UNREACHABLE_CODE = YES;
				CLANG_WARN__DUPLICATE_METHOD_MATCH = YES;
				COPY_PHASE_STRIP = NO;
				DEBUG_INFORMATION_FORMAT = "dwarf-with-dsym";
				ENABLE_NS_ASSERTIONS = NO;
				ENABLE_STRICT_OBJC_MSGSEND = YES;
				GCC_C_LANGUAGE_STANDARD = gnu11;
				GCC_NO_COMMON_BLOCKS = YES;
				GCC_WARN_64_TO_32_BIT_CONVERSION = YES;
				GCC_WARN_ABOUT_RETURN_TYPE = YES_ERROR;
				GCC_WARN_UNDECLARED_SELECTOR = YES;
				GCC_WARN_UNINITIALIZED_AUTOS = YES_AGGRESSIVE;
				GCC_WARN_UNUSED_FUNCTION = YES;
				GCC_WARN_UNUSED_VARIABLE = YES;
				IPHONEOS_DEPLOYMENT_TARGET = 16.1;
				MTL_ENABLE_DEBUG_INFO = NO;
				MTL_FAST_MATH = YES;
				SDKROOT = iphoneos;
				SWIFT_COMPILATION_MODE = wholemodule;
				SWIFT_OPTIMIZATION_LEVEL = "-O";
				VALIDATE_PRODUCT = YES;
			};
			name = Release;
		};
		CD381A02296CA0AE009DE79A /* Debug */ = {
			isa = XCBuildConfiguration;
			buildSettings = {
				ASSETCATALOG_COMPILER_APPICON_NAME = AppIcon;
				ASSETCATALOG_COMPILER_GLOBAL_ACCENT_COLOR_NAME = AccentColor;
				CODE_SIGN_STYLE = Automatic;
				CURRENT_PROJECT_VERSION = 1;
				DEVELOPMENT_TEAM = MPB6X29F75;
				GENERATE_INFOPLIST_FILE = YES;
				INFOPLIST_FILE = MediaManager/Resources/Info.plist;
				INFOPLIST_KEY_UIApplicationSupportsIndirectInputEvents = YES;
				INFOPLIST_KEY_UILaunchStoryboardName = LaunchScreen;
				INFOPLIST_KEY_UIMainStoryboardFile = Main;
				INFOPLIST_KEY_UISupportedInterfaceOrientations_iPad = "UIInterfaceOrientationPortrait UIInterfaceOrientationPortraitUpsideDown UIInterfaceOrientationLandscapeLeft UIInterfaceOrientationLandscapeRight";
				INFOPLIST_KEY_UISupportedInterfaceOrientations_iPhone = "UIInterfaceOrientationPortrait UIInterfaceOrientationLandscapeLeft UIInterfaceOrientationLandscapeRight";
				LD_RUNPATH_SEARCH_PATHS = (
					"$(inherited)",
					"@executable_path/Frameworks",
				);
				MARKETING_VERSION = 1.0;
				PRODUCT_BUNDLE_IDENTIFIER = "Benjamin-Schenk.MediaManager";
				PRODUCT_NAME = "$(TARGET_NAME)";
				SWIFT_EMIT_LOC_STRINGS = YES;
				SWIFT_VERSION = 5.0;
				TARGETED_DEVICE_FAMILY = "1,2";
			};
			name = Debug;
		};
		CD381A03296CA0AE009DE79A /* Release */ = {
			isa = XCBuildConfiguration;
			buildSettings = {
				ASSETCATALOG_COMPILER_APPICON_NAME = AppIcon;
				ASSETCATALOG_COMPILER_GLOBAL_ACCENT_COLOR_NAME = AccentColor;
				CODE_SIGN_STYLE = Automatic;
				CURRENT_PROJECT_VERSION = 1;
				DEVELOPMENT_TEAM = MPB6X29F75;
				GENERATE_INFOPLIST_FILE = YES;
				INFOPLIST_FILE = MediaManager/Resources/Info.plist;
				INFOPLIST_KEY_UIApplicationSupportsIndirectInputEvents = YES;
				INFOPLIST_KEY_UILaunchStoryboardName = LaunchScreen;
				INFOPLIST_KEY_UIMainStoryboardFile = Main;
				INFOPLIST_KEY_UISupportedInterfaceOrientations_iPad = "UIInterfaceOrientationPortrait UIInterfaceOrientationPortraitUpsideDown UIInterfaceOrientationLandscapeLeft UIInterfaceOrientationLandscapeRight";
				INFOPLIST_KEY_UISupportedInterfaceOrientations_iPhone = "UIInterfaceOrientationPortrait UIInterfaceOrientationLandscapeLeft UIInterfaceOrientationLandscapeRight";
				LD_RUNPATH_SEARCH_PATHS = (
					"$(inherited)",
					"@executable_path/Frameworks",
				);
				MARKETING_VERSION = 1.0;
				PRODUCT_BUNDLE_IDENTIFIER = "Benjamin-Schenk.MediaManager";
				PRODUCT_NAME = "$(TARGET_NAME)";
				SWIFT_EMIT_LOC_STRINGS = YES;
				SWIFT_VERSION = 5.0;
				TARGETED_DEVICE_FAMILY = "1,2";
			};
			name = Release;
		};
/* End XCBuildConfiguration section */

/* Begin XCConfigurationList section */
		CD3819E5296CA0AD009DE79A /* Build configuration list for PBXProject "MediaManager" */ = {
			isa = XCConfigurationList;
			buildConfigurations = (
				CD3819FF296CA0AE009DE79A /* Debug */,
				CD381A00296CA0AE009DE79A /* Release */,
			);
			defaultConfigurationIsVisible = 0;
			defaultConfigurationName = Release;
		};
		CD381A01296CA0AE009DE79A /* Build configuration list for PBXNativeTarget "MediaManager" */ = {
			isa = XCConfigurationList;
			buildConfigurations = (
				CD381A02296CA0AE009DE79A /* Debug */,
				CD381A03296CA0AE009DE79A /* Release */,
			);
			defaultConfigurationIsVisible = 0;
			defaultConfigurationName = Release;
		};
/* End XCConfigurationList section */

/* Begin XCVersionGroup section */
		CD3819F6296CA0AD009DE79A /* MediaManager.xcdatamodeld */ = {
			isa = XCVersionGroup;
			children = (
				CD3819F7296CA0AD009DE79A /* MediaManager.xcdatamodel */,
			);
			currentVersion = CD3819F7296CA0AD009DE79A /* MediaManager.xcdatamodel */;
			path = MediaManager.xcdatamodeld;
			sourceTree = "<group>";
			versionGroupType = wrapper.xcdatamodel;
		};
/* End XCVersionGroup section */
	};
	rootObject = CD3819E2296CA0AD009DE79A /* Project object */;
}
